PODS:
  - ImagePickerService (1.0.0)

DEPENDENCIES:
  - ImagePickerService (from `../`)

EXTERNAL SOURCES:
  ImagePickerService:
    :path: "../"

SPEC CHECKSUMS:
  ImagePickerService: f1967e63326bb45782191ae4176fab0b329199e6

PODFILE CHECKSUM: 03f574aa764e58874a0f54784bbf55b2e73a62ec

COCOAPODS: 1.11.3
