PODS:
  - ImagePickerService (1.0.0)

DEPENDENCIES:
  - ImagePickerService (from `../`)

EXTERNAL SOURCES:
  ImagePickerService:
    :path: "../"

SPEC CHECKSUMS:
  ImagePickerService: f1967e63326bb45782191ae4176fab0b329199e6

PODFILE CHECKSUM: 1c5edb1f881634f23d88623829b4cfc1fa8a1c4d

COCOAPODS: 1.11.3
